Microsoft Visual Studio Solution File, Format Version 12.00
Project("{FAE04EC0-301F-11D3-BF4B-00C04F79EFBC}") = "Server", "Server\Server.csproj", "{AF2A7F6B-B921-4653-B3E4-96024AF44805}"
EndProject
Global
	GlobalSection(SolutionConfigurationPlatforms) = preSolution
		Debug|Any CPU = Debug|Any CPU
		Release|Any CPU = Release|Any CPU
	EndGlobalSection
	GlobalSection(ProjectConfigurationPlatforms) = postSolution
		{AF2A7F6B-B921-4653-B3E4-96024AF44805}.Debug|Any CPU.ActiveCfg = Debug|Any CPU
		{AF2A7F6B-B921-4653-B3E4-96024AF44805}.Debug|Any CPU.Build.0 = Debug|Any CPU
		{AF2A7F6B-B921-4653-B3E4-96024AF44805}.Release|Any CPU.ActiveCfg = Release|Any CPU
		{AF2A7F6B-B921-4653-B3E4-96024AF44805}.Release|Any CPU.Build.0 = Release|Any CPU
	EndGlobalSection
EndGlobal
